# This file is automatically @generated by Cargo.
# It is not intended for manual editing.
version = 3

[[package]]
name = "aoc_23"
version = "0.1.0"
dependencies = [
 "core",
 "day_1a",
 "day_1b",
 "day_2a",
 "day_2b",
 "day_3a",
 "day_3b",
 "day_4a",
 "day_4b",
 "day_6a",
 "day_6b",
]

[[package]]
name = "core"
version = "0.1.0"

[[package]]
name = "day_1a"
version = "0.1.0"
dependencies = [
 "core",
]

[[package]]
name = "day_1b"
version = "0.1.0"
dependencies = [
 "core",
 "day_1a",
]

[[package]]
name = "day_2a"
version = "0.1.0"
dependencies = [
 "core",
]

[[package]]
name = "day_2b"
version = "0.1.0"
dependencies = [
 "core",
 "day_2a",
]

[[package]]
name = "day_3a"
version = "0.1.0"
dependencies = [
 "core",
]

[[package]]
name = "day_3b"
version = "0.1.0"
dependencies = [
 "core",
 "day_3a",
]

[[package]]
name = "day_4a"
version = "0.1.0"
dependencies = [
 "core",
]

[[package]]
name = "day_4b"
version = "0.1.0"
dependencies = [
 "core",
 "day_4a",
]

[[package]]
name = "day_6a"
version = "0.1.0"
dependencies = [
 "core",
]

[[package]]
name = "day_6b"
version = "0.1.0"
dependencies = [
 "core",
 "day_6a",
]
